<?xml version="1.0" encoding="utf-8"?>
<Project ToolsVersion="4.0" xmlns="http://schemas.microsoft.com/developer/msbuild/2003">
  <ItemGroup>
    <Filter Include="stdc">
      <UniqueIdentifier>{95973def-6071-4bea-b1ca-b1f6c93c1483}</UniqueIdentifier>
    </Filter>
    <Filter Include="stdc\tools">
      <UniqueIdentifier>{0e3f588e-6661-431a-bbb8-61e85c59b372}</UniqueIdentifier>
    </Filter>
    <Filter Include="stdc\dom">
      <UniqueIdentifier>{05f21de2-7a89-4c82-8c89-d54315fedf12}</UniqueIdentifier>
    </Filter>
    <Filter Include="stdc\css">
      <UniqueIdentifier>{75e9e0cd-0c27-4652-b698-de5b701257ac}</UniqueIdentifier>
    </Filter>
    <Filter Include="stdc\editor">
      <UniqueIdentifier>{0724a58b-b49d-43f8-aff5-2fd1ee60a096}</UniqueIdentifier>
    </Filter>
    <Filter Include="stdc\loader">
      <UniqueIdentifier>{38ab2176-d24d-400a-a16f-8b0469faf3e0}</UniqueIdentifier>
    </Filter>
    <Filter Include="stdc\render">
      <UniqueIdentifier>{067f8bd4-815f-43df-924f-91b3edd7f23d}</UniqueIdentifier>
    </Filter>
    <Filter Include="stdc\wbxml">
      <UniqueIdentifier>{87995df3-1fc0-4312-8ea4-74c0dd888741}</UniqueIdentifier>
    </Filter>
    <Filter Include="stdc\inc">
      <UniqueIdentifier>{d33ce68f-a50c-4c35-9e37-5ee353ba230b}</UniqueIdentifier>
    </Filter>
    <Filter Include="nbk">
      <UniqueIdentifier>{6fdd1af5-266a-49d9-84bd-5435a8912a78}</UniqueIdentifier>
    </Filter>
    <Filter Include="nbk\shell">
      <UniqueIdentifier>{bcdd707b-0250-4946-8905-5948a14abf39}</UniqueIdentifier>
    </Filter>
    <Filter Include="nbk\gfx">
      <UniqueIdentifier>{4b9e3413-1bf7-476e-83e5-222d3300409e}</UniqueIdentifier>
    </Filter>
    <Filter Include="nbk\data">
      <UniqueIdentifier>{26c39952-e1ef-44bc-97be-867156ca522d}</UniqueIdentifier>
    </Filter>
  </ItemGroup>
  <ItemGroup>
    <ClCompile Include="..\stdc\tools\gdi.c">
      <Filter>stdc\tools</Filter>
    </ClCompile>
    <ClCompile Include="..\stdc\tools\unicode.c">
      <Filter>stdc\tools</Filter>
    </ClCompile>
    <ClCompile Include="..\stdc\tools\str.c">
      <Filter>stdc\tools</Filter>
    </ClCompile>
    <ClCompile Include="..\stdc\dom\xml_helper.c">
      <Filter>stdc\dom</Filter>
    </ClCompile>
    <ClCompile Include="..\stdc\dom\char_ref.c">
      <Filter>stdc\dom</Filter>
    </ClCompile>
    <ClCompile Include="..\stdc\dom\xml_tags.c">
      <Filter>stdc\dom</Filter>
    </ClCompile>
    <ClCompile Include="..\stdc\dom\xml_atts.c">
      <Filter>stdc\dom</Filter>
    </ClCompile>
    <ClCompile Include="..\stdc\tools\slist.c">
      <Filter>stdc\tools</Filter>
    </ClCompile>
    <ClCompile Include="..\stdc\tools\strList.c">
      <Filter>stdc\tools</Filter>
    </ClCompile>
    <ClCompile Include="..\stdc\css\color.c">
      <Filter>stdc\css</Filter>
    </ClCompile>
    <ClCompile Include="..\stdc\tools\timer.c">
      <Filter>stdc\tools</Filter>
    </ClCompile>
    <ClCompile Include="..\stdc\tools\callback.c">
      <Filter>stdc\tools</Filter>
    </ClCompile>
    <ClCompile Include="..\stdc\tools\dump.c">
      <Filter>stdc\tools</Filter>
    </ClCompile>
    <ClCompile Include="..\stdc\tools\memAlloc.c">
      <Filter>stdc\tools</Filter>
    </ClCompile>
    <ClCompile Include="..\stdc\tools\ptrArray.c">
      <Filter>stdc\tools</Filter>
    </ClCompile>
    <ClCompile Include="..\stdc\tools\strBuf.c">
      <Filter>stdc\tools</Filter>
    </ClCompile>
    <ClCompile Include="..\stdc\tools\strDict.c">
      <Filter>stdc\tools</Filter>
    </ClCompile>
    <ClCompile Include="..\stdc\tools\strPool.c">
      <Filter>stdc\tools</Filter>
    </ClCompile>
    <ClCompile Include="..\stdc\css\css_helper.c">
      <Filter>stdc\css</Filter>
    </ClCompile>
    <ClCompile Include="..\stdc\css\css_prop.c">
      <Filter>stdc\css</Filter>
    </ClCompile>
    <ClCompile Include="..\stdc\css\css_value.c">
      <Filter>stdc\css</Filter>
    </ClCompile>
    <ClCompile Include="..\stdc\css\cssSelector.c">
      <Filter>stdc\css</Filter>
    </ClCompile>
    <ClCompile Include="..\stdc\dom\attr.c">
      <Filter>stdc\dom</Filter>
    </ClCompile>
    <ClCompile Include="..\stdc\dom\document.c">
      <Filter>stdc\dom</Filter>
    </ClCompile>
    <ClCompile Include="..\stdc\dom\event.c">
      <Filter>stdc\dom</Filter>
    </ClCompile>
    <ClCompile Include="..\stdc\dom\history.c">
      <Filter>stdc\dom</Filter>
    </ClCompile>
    <ClCompile Include="..\stdc\dom\incParser.c">
      <Filter>stdc\dom</Filter>
    </ClCompile>
    <ClCompile Include="..\stdc\dom\miParser.c">
      <Filter>stdc\dom</Filter>
    </ClCompile>
    <ClCompile Include="..\stdc\dom\node.c">
      <Filter>stdc\dom</Filter>
    </ClCompile>
    <ClCompile Include="..\stdc\dom\page.c">
      <Filter>stdc\dom</Filter>
    </ClCompile>
    <ClCompile Include="..\stdc\dom\view.c">
      <Filter>stdc\dom</Filter>
    </ClCompile>
    <ClCompile Include="..\stdc\dom\wbxmlDec.c">
      <Filter>stdc\dom</Filter>
    </ClCompile>
    <ClCompile Include="..\stdc\dom\xml_tokenizer.c">
      <Filter>stdc\dom</Filter>
    </ClCompile>
    <ClCompile Include="..\stdc\dom\xpath.c">
      <Filter>stdc\dom</Filter>
    </ClCompile>
    <ClCompile Include="..\stdc\editor\editBox.c">
      <Filter>stdc\editor</Filter>
    </ClCompile>
    <ClCompile Include="..\stdc\editor\textEditor.c">
      <Filter>stdc\editor</Filter>
    </ClCompile>
    <ClCompile Include="..\stdc\loader\loader.c">
      <Filter>stdc\loader</Filter>
    </ClCompile>
    <ClCompile Include="..\stdc\loader\upCmd.c">
      <Filter>stdc\loader</Filter>
    </ClCompile>
    <ClCompile Include="..\stdc\loader\url.c">
      <Filter>stdc\loader</Filter>
    </ClCompile>
    <ClCompile Include="..\stdc\render\imagePlayer.c">
      <Filter>stdc\render</Filter>
    </ClCompile>
    <ClCompile Include="..\stdc\render\renderA.c">
      <Filter>stdc\render</Filter>
    </ClCompile>
    <ClCompile Include="..\stdc\render\renderBlank.c">
      <Filter>stdc\render</Filter>
    </ClCompile>
    <ClCompile Include="..\stdc\render\renderBlock.c">
      <Filter>stdc\render</Filter>
    </ClCompile>
    <ClCompile Include="..\stdc\render\renderBr.c">
      <Filter>stdc\render</Filter>
    </ClCompile>
    <ClCompile Include="..\stdc\render\renderHr.c">
      <Filter>stdc\render</Filter>
    </ClCompile>
    <ClCompile Include="..\stdc\render\renderImage.c">
      <Filter>stdc\render</Filter>
    </ClCompile>
    <ClCompile Include="..\stdc\render\renderInline.c">
      <Filter>stdc\render</Filter>
    </ClCompile>
    <ClCompile Include="..\stdc\render\renderInput.c">
      <Filter>stdc\render</Filter>
    </ClCompile>
    <ClCompile Include="..\stdc\render\renderNode.c">
      <Filter>stdc\render</Filter>
    </ClCompile>
    <ClCompile Include="..\stdc\render\renderObject.c">
      <Filter>stdc\render</Filter>
    </ClCompile>
    <ClCompile Include="..\stdc\render\renderSelect.c">
      <Filter>stdc\render</Filter>
    </ClCompile>
    <ClCompile Include="..\stdc\render\renderTable.c">
      <Filter>stdc\render</Filter>
    </ClCompile>
    <ClCompile Include="..\stdc\render\renderTd.c">
      <Filter>stdc\render</Filter>
    </ClCompile>
    <ClCompile Include="..\stdc\render\renderText.c">
      <Filter>stdc\render</Filter>
    </ClCompile>
    <ClCompile Include="..\stdc\render\renderTextarea.c">
      <Filter>stdc\render</Filter>
    </ClCompile>
    <ClCompile Include="..\stdc\render\renderTr.c">
      <Filter>stdc\render</Filter>
    </ClCompile>
    <ClCompile Include="..\stdc\wbxml\wbxml_base64.c">
      <Filter>stdc\wbxml</Filter>
    </ClCompile>
    <ClCompile Include="..\stdc\wbxml\wbxml_buffers.c">
      <Filter>stdc\wbxml</Filter>
    </ClCompile>
    <ClCompile Include="..\stdc\wbxml\wbxml_charset.c">
      <Filter>stdc\wbxml</Filter>
    </ClCompile>
    <ClCompile Include="..\stdc\wbxml\wbxml_elt.c">
      <Filter>stdc\wbxml</Filter>
    </ClCompile>
    <ClCompile Include="..\stdc\wbxml\wbxml_mem.c">
      <Filter>stdc\wbxml</Filter>
    </ClCompile>
    <ClCompile Include="..\stdc\wbxml\wbxml_parser.c">
      <Filter>stdc\wbxml</Filter>
    </ClCompile>
    <ClCompile Include="..\stdc\wbxml\wbxml_tables.c">
      <Filter>stdc\wbxml</Filter>
    </ClCompile>
    <ClCompile Include="..\stdc\loader\ngzip.c">
      <Filter>stdc\loader</Filter>
    </ClCompile>
    <ClCompile Include="..\stdc\loader\pkgParser.c">
      <Filter>stdc\loader</Filter>
    </ClCompile>
    <ClCompile Include="..\stdc\loader\crypto.c">
      <Filter>stdc\loader</Filter>
    </ClCompile>
    <ClCompile Include="..\stdc\loader\idea.c">
      <Filter>stdc\loader</Filter>
    </ClCompile>
    <ClCompile Include="..\stdc\loader\keygen.c">
      <Filter>stdc\loader</Filter>
    </ClCompile>
    <ClCompile Include="..\stdc\render\layoutStat.c">
      <Filter>stdc\render</Filter>
    </ClCompile>
    <ClCompile Include="..\stdc\render\renderInlineBlock.c">
      <Filter>stdc\render</Filter>
    </ClCompile>
    <ClCompile Include="..\stdc\render\renderTextPiece.c">
      <Filter>stdc\render</Filter>
    </ClCompile>
    <ClCompile Include="..\stdc\editor\textSel.c">
      <Filter>stdc\editor</Filter>
    </ClCompile>
    <ClCompile Include="..\stdc\tools\dlist.c">
      <Filter>stdc\tools</Filter>
    </ClCompile>
    <ClCompile Include="..\stdc\editor\formData.c">
      <Filter>stdc\editor</Filter>
    </ClCompile>
    <ClCompile Include="..\stdc\loader\param.c">
      <Filter>stdc\loader</Filter>
    </ClCompile>
    <ClCompile Include="..\stdc\tools\tree.c">
      <Filter>stdc\tools</Filter>
    </ClCompile>
    <ClCompile Include="main.c">
      <Filter>nbk\shell</Filter>
    </ClCompile>
    <ClCompile Include="nbk.c">
      <Filter>nbk\shell</Filter>
    </ClCompile>
    <ClCompile Include="SDL_framerate.c">
      <Filter>nbk\gfx</Filter>
    </ClCompile>
    <ClCompile Include="SDL_rotozoom.c">
      <Filter>nbk\gfx</Filter>
    </ClCompile>
    <ClCompile Include="SDL_gfxBlitFunc.c">
      <Filter>nbk\gfx</Filter>
    </ClCompile>
    <ClCompile Include="SDL_gfxPrimitives.c">
      <Filter>nbk\gfx</Filter>
    </ClCompile>
    <ClCompile Include="SDL_imageFilter.c">
      <Filter>nbk\gfx</Filter>
    </ClCompile>
    <ClCompile Include="nbk_sdlExt.c">
      <Filter>nbk\gfx</Filter>
    </ClCompile>
    <ClCompile Include="cache.c">
      <Filter>nbk\data</Filter>
    </ClCompile>
    <ClCompile Include="connfile.c">
      <Filter>nbk\data</Filter>
    </ClCompile>
    <ClCompile Include="connhttp.c">
      <Filter>nbk\data</Filter>
    </ClCompile>
    <ClCompile Include="cookiemgr.c">
      <Filter>nbk\data</Filter>
    </ClCompile>
    <ClCompile Include="fileget.c">
      <Filter>nbk\data</Filter>
    </ClCompile>
    <ClCompile Include="http.c">
      <Filter>nbk\data</Filter>
    </ClCompile>
    <ClCompile Include="resmgr.c">
      <Filter>nbk\data</Filter>
    </ClCompile>
    <ClCompile Include="loginData.c">
      <Filter>nbk\data</Filter>
    </ClCompile>
    <ClCompile Include="runtime.c">
      <Filter>nbk\shell</Filter>
    </ClCompile>
    <ClCompile Include="probe.c">
      <Filter>nbk\shell</Filter>
    </ClCompile>
    <ClCompile Include="ini.c">
      <Filter>nbk\shell</Filter>
    </ClCompile>
    <ClCompile Include="md5.c">
      <Filter>nbk\shell</Filter>
    </ClCompile>
    <ClCompile Include="controls.c">
      <Filter>nbk\gfx</Filter>
    </ClCompile>
    <ClCompile Include="nbkgdi.c">
      <Filter>nbk\gfx</Filter>
    </ClCompile>
    <ClCompile Include="nbkpic.c">
      <Filter>nbk\gfx</Filter>
    </ClCompile>
    <ClCompile Include="picmgr.c">
      <Filter>nbk\gfx</Filter>
    </ClCompile>
  </ItemGroup>
  <ItemGroup>
    <ClInclude Include="..\stdc\inc\config.h">
      <Filter>stdc\inc</Filter>
    </ClInclude>
    <ClInclude Include="..\stdc\inc\nbk_callback.h">
      <Filter>stdc\inc</Filter>
    </ClInclude>
    <ClInclude Include="..\stdc\inc\nbk_cbDef.h">
      <Filter>stdc\inc</Filter>
    </ClInclude>
    <ClInclude Include="..\stdc\inc\nbk_ctlPainter.h">
      <Filter>stdc\inc</Filter>
    </ClInclude>
    <ClInclude Include="..\stdc\inc\nbk_gdi.h">
      <Filter>stdc\inc</Filter>
    </ClInclude>
    <ClInclude Include="..\stdc\inc\nbk_limit.h">
      <Filter>stdc\inc</Filter>
    </ClInclude>
    <ClInclude Include="..\stdc\inc\nbk_public.h">
      <Filter>stdc\inc</Filter>
    </ClInclude>
    <ClInclude Include="..\stdc\inc\nbk_settings.h">
      <Filter>stdc\inc</Filter>
    </ClInclude>
    <ClInclude Include="..\stdc\inc\nbk_timer.h">
      <Filter>stdc\inc</Filter>
    </ClInclude>
    <ClInclude Include="..\stdc\inc\nbk_version.h">
      <Filter>stdc\inc</Filter>
    </ClInclude>
    <ClInclude Include="..\stdc\render\imagePlayer.h">
      <Filter>stdc\render</Filter>
    </ClInclude>
    <ClInclude Include="..\stdc\render\renderA.h">
      <Filter>stdc\render</Filter>
    </ClInclude>
    <ClInclude Include="..\stdc\render\renderBlank.h">
      <Filter>stdc\render</Filter>
    </ClInclude>
    <ClInclude Include="..\stdc\render\renderBlock.h">
      <Filter>stdc\render</Filter>
    </ClInclude>
    <ClInclude Include="..\stdc\render\renderBr.h">
      <Filter>stdc\render</Filter>
    </ClInclude>
    <ClInclude Include="..\stdc\render\renderHr.h">
      <Filter>stdc\render</Filter>
    </ClInclude>
    <ClInclude Include="..\stdc\render\renderImage.h">
      <Filter>stdc\render</Filter>
    </ClInclude>
    <ClInclude Include="..\stdc\render\renderInline.h">
      <Filter>stdc\render</Filter>
    </ClInclude>
    <ClInclude Include="..\stdc\render\renderInput.h">
      <Filter>stdc\render</Filter>
    </ClInclude>
    <ClInclude Include="..\stdc\render\renderNode.h">
      <Filter>stdc\render</Filter>
    </ClInclude>
    <ClInclude Include="..\stdc\render\renderObject.h">
      <Filter>stdc\render</Filter>
    </ClInclude>
    <ClInclude Include="..\stdc\render\renderSelect.h">
      <Filter>stdc\render</Filter>
    </ClInclude>
    <ClInclude Include="..\stdc\render\renderTable.h">
      <Filter>stdc\render</Filter>
    </ClInclude>
    <ClInclude Include="..\stdc\render\renderTd.h">
      <Filter>stdc\render</Filter>
    </ClInclude>
    <ClInclude Include="..\stdc\render\renderText.h">
      <Filter>stdc\render</Filter>
    </ClInclude>
    <ClInclude Include="..\stdc\render\renderTextarea.h">
      <Filter>stdc\render</Filter>
    </ClInclude>
    <ClInclude Include="..\stdc\render\renderTr.h">
      <Filter>stdc\render</Filter>
    </ClInclude>
    <ClInclude Include="..\stdc\dom\attr.h">
      <Filter>stdc\dom</Filter>
    </ClInclude>
    <ClInclude Include="..\stdc\dom\char_ref.h">
      <Filter>stdc\dom</Filter>
    </ClInclude>
    <ClInclude Include="..\stdc\dom\document.h">
      <Filter>stdc\dom</Filter>
    </ClInclude>
    <ClInclude Include="..\stdc\dom\event.h">
      <Filter>stdc\dom</Filter>
    </ClInclude>
    <ClInclude Include="..\stdc\dom\history.h">
      <Filter>stdc\dom</Filter>
    </ClInclude>
    <ClInclude Include="..\stdc\dom\incParser.h">
      <Filter>stdc\dom</Filter>
    </ClInclude>
    <ClInclude Include="..\stdc\dom\miParser.h">
      <Filter>stdc\dom</Filter>
    </ClInclude>
    <ClInclude Include="..\stdc\dom\node.h">
      <Filter>stdc\dom</Filter>
    </ClInclude>
    <ClInclude Include="..\stdc\dom\page.h">
      <Filter>stdc\dom</Filter>
    </ClInclude>
    <ClInclude Include="..\stdc\dom\token.h">
      <Filter>stdc\dom</Filter>
    </ClInclude>
    <ClInclude Include="..\stdc\dom\view.h">
      <Filter>stdc\dom</Filter>
    </ClInclude>
    <ClInclude Include="..\stdc\dom\wbxmlDec.h">
      <Filter>stdc\dom</Filter>
    </ClInclude>
    <ClInclude Include="..\stdc\dom\xml_atts.h">
      <Filter>stdc\dom</Filter>
    </ClInclude>
    <ClInclude Include="..\stdc\dom\xml_helper.h">
      <Filter>stdc\dom</Filter>
    </ClInclude>
    <ClInclude Include="..\stdc\dom\xml_tags.h">
      <Filter>stdc\dom</Filter>
    </ClInclude>
    <ClInclude Include="..\stdc\dom\xml_tokenizer.h">
      <Filter>stdc\dom</Filter>
    </ClInclude>
    <ClInclude Include="..\stdc\dom\xpath.h">
      <Filter>stdc\dom</Filter>
    </ClInclude>
    <ClInclude Include="..\stdc\css\color.h">
      <Filter>stdc\css</Filter>
    </ClInclude>
    <ClInclude Include="..\stdc\css\css_helper.h">
      <Filter>stdc\css</Filter>
    </ClInclude>
    <ClInclude Include="..\stdc\css\css_prop.h">
      <Filter>stdc\css</Filter>
    </ClInclude>
    <ClInclude Include="..\stdc\css\css_val.h">
      <Filter>stdc\css</Filter>
    </ClInclude>
    <ClInclude Include="..\stdc\css\css_value.h">
      <Filter>stdc\css</Filter>
    </ClInclude>
    <ClInclude Include="..\stdc\css\cssSelector.h">
      <Filter>stdc\css</Filter>
    </ClInclude>
    <ClInclude Include="..\stdc\editor\editBox.h">
      <Filter>stdc\editor</Filter>
    </ClInclude>
    <ClInclude Include="..\stdc\editor\textEditor.h">
      <Filter>stdc\editor</Filter>
    </ClInclude>
    <ClInclude Include="..\stdc\loader\loader.h">
      <Filter>stdc\loader</Filter>
    </ClInclude>
    <ClInclude Include="..\stdc\loader\ngzip.h">
      <Filter>stdc\loader</Filter>
    </ClInclude>
    <ClInclude Include="..\stdc\loader\pkgParser.h">
      <Filter>stdc\loader</Filter>
    </ClInclude>
    <ClInclude Include="..\stdc\loader\upCmd.h">
      <Filter>stdc\loader</Filter>
    </ClInclude>
    <ClInclude Include="..\stdc\loader\url.h">
      <Filter>stdc\loader</Filter>
    </ClInclude>
    <ClInclude Include="..\stdc\tools\dump.h">
      <Filter>stdc\tools</Filter>
    </ClInclude>
    <ClInclude Include="..\stdc\tools\memAlloc.h">
      <Filter>stdc\tools</Filter>
    </ClInclude>
    <ClInclude Include="..\stdc\tools\ptrArray.h">
      <Filter>stdc\tools</Filter>
    </ClInclude>
    <ClInclude Include="..\stdc\tools\slist.h">
      <Filter>stdc\tools</Filter>
    </ClInclude>
    <ClInclude Include="..\stdc\tools\str.h">
      <Filter>stdc\tools</Filter>
    </ClInclude>
    <ClInclude Include="..\stdc\tools\strBuf.h">
      <Filter>stdc\tools</Filter>
    </ClInclude>
    <ClInclude Include="..\stdc\tools\strDict.h">
      <Filter>stdc\tools</Filter>
    </ClInclude>
    <ClInclude Include="..\stdc\tools\strList.h">
      <Filter>stdc\tools</Filter>
    </ClInclude>
    <ClInclude Include="..\stdc\tools\strPool.h">
      <Filter>stdc\tools</Filter>
    </ClInclude>
    <ClInclude Include="..\stdc\tools\tree.h">
      <Filter>stdc\tools</Filter>
    </ClInclude>
    <ClInclude Include="..\stdc\tools\unicode.h">
      <Filter>stdc\tools</Filter>
    </ClInclude>
    <ClInclude Include="..\stdc\wbxml\wbxml.h">
      <Filter>stdc\wbxml</Filter>
    </ClInclude>
    <ClInclude Include="..\stdc\wbxml\wbxml_base64.h">
      <Filter>stdc\wbxml</Filter>
    </ClInclude>
    <ClInclude Include="..\stdc\wbxml\wbxml_buffers.h">
      <Filter>stdc\wbxml</Filter>
    </ClInclude>
    <ClInclude Include="..\stdc\wbxml\wbxml_charset.h">
      <Filter>stdc\wbxml</Filter>
    </ClInclude>
    <ClInclude Include="..\stdc\wbxml\wbxml_config.h">
      <Filter>stdc\wbxml</Filter>
    </ClInclude>
    <ClInclude Include="..\stdc\wbxml\wbxml_conv.h">
      <Filter>stdc\wbxml</Filter>
    </ClInclude>
    <ClInclude Include="..\stdc\wbxml\wbxml_defines.h">
      <Filter>stdc\wbxml</Filter>
    </ClInclude>
    <ClInclude Include="..\stdc\wbxml\wbxml_elt.h">
      <Filter>stdc\wbxml</Filter>
    </ClInclude>
    <ClInclude Include="..\stdc\wbxml\wbxml_errors.h">
      <Filter>stdc\wbxml</Filter>
    </ClInclude>
    <ClInclude Include="..\stdc\wbxml\wbxml_handlers.h">
      <Filter>stdc\wbxml</Filter>
    </ClInclude>
    <ClInclude Include="..\stdc\wbxml\wbxml_internals.h">
      <Filter>stdc\wbxml</Filter>
    </ClInclude>
    <ClInclude Include="..\stdc\wbxml\wbxml_mem.h">
      <Filter>stdc\wbxml</Filter>
    </ClInclude>
    <ClInclude Include="..\stdc\wbxml\wbxml_parser.h">
      <Filter>stdc\wbxml</Filter>
    </ClInclude>
    <ClInclude Include="..\stdc\wbxml\wbxml_tables.h">
      <Filter>stdc\wbxml</Filter>
    </ClInclude>
    <ClInclude Include="..\stdc\loader\crypto.h">
      <Filter>stdc\loader</Filter>
    </ClInclude>
    <ClInclude Include="..\stdc\loader\crypto_def.h">
      <Filter>stdc\loader</Filter>
    </ClInclude>
    <ClInclude Include="..\stdc\loader\idea.h">
      <Filter>stdc\loader</Filter>
    </ClInclude>
    <ClInclude Include="..\stdc\loader\keygen.h">
      <Filter>stdc\loader</Filter>
    </ClInclude>
    <ClInclude Include="..\stdc\render\layoutStat.h">
      <Filter>stdc\render</Filter>
    </ClInclude>
    <ClInclude Include="..\stdc\render\renderInlineBlock.h">
      <Filter>stdc\render</Filter>
    </ClInclude>
    <ClInclude Include="..\stdc\render\renderTextPiece.h">
      <Filter>stdc\render</Filter>
    </ClInclude>
    <ClInclude Include="..\stdc\editor\textSel.h">
      <Filter>stdc\editor</Filter>
    </ClInclude>
    <ClInclude Include="..\stdc\tools\dlist.h">
      <Filter>stdc\tools</Filter>
    </ClInclude>
    <ClInclude Include="..\stdc\editor\formData.h">
      <Filter>stdc\editor</Filter>
    </ClInclude>
    <ClInclude Include="..\stdc\loader\param.h">
      <Filter>stdc\loader</Filter>
    </ClInclude>
    <ClInclude Include="nbk.h">
      <Filter>nbk\shell</Filter>
    </ClInclude>
    <ClInclude Include="nbk_conf.h">
      <Filter>nbk\shell</Filter>
    </ClInclude>
    <ClInclude Include="SDL_framerate.h">
      <Filter>nbk\gfx</Filter>
    </ClInclude>
    <ClInclude Include="SDL_rotozoom.h">
      <Filter>nbk\gfx</Filter>
    </ClInclude>
    <ClInclude Include="SDL_gfxBlitFunc.h">
      <Filter>nbk\gfx</Filter>
    </ClInclude>
    <ClInclude Include="SDL_gfxPrimitives.h">
      <Filter>nbk\gfx</Filter>
    </ClInclude>
    <ClInclude Include="SDL_gfxPrimitives_font.h">
      <Filter>nbk\gfx</Filter>
    </ClInclude>
    <ClInclude Include="SDL_imageFilter.h">
      <Filter>nbk\gfx</Filter>
    </ClInclude>
    <ClInclude Include="nbk_sdlExt.h">
      <Filter>nbk\gfx</Filter>
    </ClInclude>
    <ClInclude Include="resmgr.h">
      <Filter>nbk\data</Filter>
    </ClInclude>
    <ClInclude Include="cache.h">
      <Filter>nbk\data</Filter>
    </ClInclude>
    <ClInclude Include="connfile.h">
      <Filter>nbk\data</Filter>
    </ClInclude>
    <ClInclude Include="connhttp.h">
      <Filter>nbk\data</Filter>
    </ClInclude>
    <ClInclude Include="cookiemgr.h">
      <Filter>nbk\data</Filter>
    </ClInclude>
    <ClInclude Include="fileget.h">
      <Filter>nbk\data</Filter>
    </ClInclude>
    <ClInclude Include="http.h">
      <Filter>nbk\data</Filter>
    </ClInclude>
    <ClInclude Include="loginData.h">
      <Filter>nbk\data</Filter>
    </ClInclude>
    <ClInclude Include="runtime.h">
      <Filter>nbk\shell</Filter>
    </ClInclude>
    <ClInclude Include="probe.h">
      <Filter>nbk\shell</Filter>
    </ClInclude>
    <ClInclude Include="md5.h">
      <Filter>nbk\shell</Filter>
    </ClInclude>
    <ClInclude Include="md5_loc.h">
      <Filter>nbk\shell</Filter>
    </ClInclude>
    <ClInclude Include="log.h">
      <Filter>nbk\shell</Filter>
    </ClInclude>
    <ClInclude Include="ini.h">
      <Filter>nbk\shell</Filter>
    </ClInclude>
    <ClInclude Include="nbkgdi.h">
      <Filter>nbk\gfx</Filter>
    </ClInclude>
    <ClInclude Include="nbkpic.h">
      <Filter>nbk\gfx</Filter>
    </ClInclude>
    <ClInclude Include="picmgr.h">
      <Filter>nbk\gfx</Filter>
    </ClInclude>
  </ItemGroup>
</Project>